
Microsoft Visual Studio Solution File, Format Version 12.00
# Visual Studio Version 16
VisualStudioVersion = 16.0.29009.5
MinimumVisualStudioVersion = 10.0.40219.1
Project("{9A19103F-16F7-4668-BE54-9A1E7A4F7556}") = "Tube.Web", "Tube\Tube.Web.csproj", "{9A937632-F87A-4E9F-B030-FE56B72BCBEC}"
EndProject
Project("{2150E333-8FDC-42A3-9474-1A3956D46DE8}") = "Data", "Data", "{DE096B33-D089-4C3A-AFC6-39ED958E01D7}"
EndProject
Project("{9A19103F-16F7-4668-BE54-9A1E7A4F7556}") = "Tube.Data.Models", "Tube.Data\Tube.Data.Models.csproj", "{349B7BFE-094F-432F-9B56-FE5774A9F010}"
EndProject
Project("{9A19103F-16F7-4668-BE54-9A1E7A4F7556}") = "Tube.Data", "Tube.Domain\Tube.Data.csproj", "{5BBF4319-7F8F-4C95-A690-05F46CE99772}"
EndProject
Project("{2150E333-8FDC-42A3-9474-1A3956D46DE8}") = "Services", "Services", "{81A7976E-A0B8-436A-B158-F4680B1EEE19}"
EndProject
Project("{9A19103F-16F7-4668-BE54-9A1E7A4F7556}") = "Tube.Services", "Tube.Services\Tube.Services.csproj", "{99CD11DD-E4D7-40CC-B82E-B4522685554C}"
EndProject
Project("{2150E333-8FDC-42A3-9474-1A3956D46DE8}") = "Tests", "Tests", "{CEC45FA5-04AC-439D-9385-9D7AF3661F26}"
EndProject
Project("{9A19103F-16F7-4668-BE54-9A1E7A4F7556}") = "Tube.Test", "Tube.Test\Tube.Test.csproj", "{B62E1453-727A-4D24-B2C7-AB57F33F20B1}"
EndProject
Project("{2150E333-8FDC-42A3-9474-1A3956D46DE8}") = "Web", "Web", "{4641B018-153C-42A5-A79B-BF65F9E818C4}"
EndProject
Project("{9A19103F-16F7-4668-BE54-9A1E7A4F7556}") = "Tube.Web.InputModels", "Tube.Web.InputModels\Tube.Web.InputModels.csproj", "{B2D35FE9-AEFA-4B0E-9D6E-6E1C4CC4A12E}"
EndProject
Project("{9A19103F-16F7-4668-BE54-9A1E7A4F7556}") = "Tube.Web.ViewModels", "Tube.Web.ViewModels\Tube.Web.ViewModels.csproj", "{53D1A025-0C63-4E22-A672-4ECB60FD1536}"
EndProject
Project("{9A19103F-16F7-4668-BE54-9A1E7A4F7556}") = "Tube.Data.DtoModels", "Tube.Data.DtoModels\Tube.Data.DtoModels.csproj", "{AB4458D7-6FDA-4AD2-8DAC-561064AB9617}"
EndProject
Project("{2150E333-8FDC-42A3-9474-1A3956D46DE8}") = "Common", "Common", "{EDF6A8F5-76F8-4F7E-BC92-706F5E913B71}"
EndProject
Project("{FAE04EC0-301F-11D3-BF4B-00C04F79EFBC}") = "Tube.Common", "Tube.Common\Tube.Common.csproj", "{76AB92E9-5DDE-4B37-8B60-08DD1B95E019}"
EndProject
Global
	GlobalSection(SolutionConfigurationPlatforms) = preSolution
		Debug|Any CPU = Debug|Any CPU
		Release|Any CPU = Release|Any CPU
	EndGlobalSection
	GlobalSection(ProjectConfigurationPlatforms) = postSolution
		{9A937632-F87A-4E9F-B030-FE56B72BCBEC}.Debug|Any CPU.ActiveCfg = Debug|Any CPU
		{9A937632-F87A-4E9F-B030-FE56B72BCBEC}.Debug|Any CPU.Build.0 = Debug|Any CPU
		{9A937632-F87A-4E9F-B030-FE56B72BCBEC}.Release|Any CPU.ActiveCfg = Release|Any CPU
		{9A937632-F87A-4E9F-B030-FE56B72BCBEC}.Release|Any CPU.Build.0 = Release|Any CPU
		{349B7BFE-094F-432F-9B56-FE5774A9F010}.Debug|Any CPU.ActiveCfg = Debug|Any CPU
		{349B7BFE-094F-432F-9B56-FE5774A9F010}.Debug|Any CPU.Build.0 = Debug|Any CPU
		{349B7BFE-094F-432F-9B56-FE5774A9F010}.Release|Any CPU.ActiveCfg = Release|Any CPU
		{349B7BFE-094F-432F-9B56-FE5774A9F010}.Release|Any CPU.Build.0 = Release|Any CPU
		{5BBF4319-7F8F-4C95-A690-05F46CE99772}.Debug|Any CPU.ActiveCfg = Debug|Any CPU
		{5BBF4319-7F8F-4C95-A690-05F46CE99772}.Debug|Any CPU.Build.0 = Debug|Any CPU
		{5BBF4319-7F8F-4C95-A690-05F46CE99772}.Release|Any CPU.ActiveCfg = Release|Any CPU
		{5BBF4319-7F8F-4C95-A690-05F46CE99772}.Release|Any CPU.Build.0 = Release|Any CPU
		{99CD11DD-E4D7-40CC-B82E-B4522685554C}.Debug|Any CPU.ActiveCfg = Debug|Any CPU
		{99CD11DD-E4D7-40CC-B82E-B4522685554C}.Debug|Any CPU.Build.0 = Debug|Any CPU
		{99CD11DD-E4D7-40CC-B82E-B4522685554C}.Release|Any CPU.ActiveCfg = Release|Any CPU
		{99CD11DD-E4D7-40CC-B82E-B4522685554C}.Release|Any CPU.Build.0 = Release|Any CPU
		{B62E1453-727A-4D24-B2C7-AB57F33F20B1}.Debug|Any CPU.ActiveCfg = Debug|Any CPU
		{B62E1453-727A-4D24-B2C7-AB57F33F20B1}.Debug|Any CPU.Build.0 = Debug|Any CPU
		{B62E1453-727A-4D24-B2C7-AB57F33F20B1}.Release|Any CPU.ActiveCfg = Release|Any CPU
		{B62E1453-727A-4D24-B2C7-AB57F33F20B1}.Release|Any CPU.Build.0 = Release|Any CPU
		{B2D35FE9-AEFA-4B0E-9D6E-6E1C4CC4A12E}.Debug|Any CPU.ActiveCfg = Debug|Any CPU
		{B2D35FE9-AEFA-4B0E-9D6E-6E1C4CC4A12E}.Debug|Any CPU.Build.0 = Debug|Any CPU
		{B2D35FE9-AEFA-4B0E-9D6E-6E1C4CC4A12E}.Release|Any CPU.ActiveCfg = Release|Any CPU
		{B2D35FE9-AEFA-4B0E-9D6E-6E1C4CC4A12E}.Release|Any CPU.Build.0 = Release|Any CPU
		{53D1A025-0C63-4E22-A672-4ECB60FD1536}.Debug|Any CPU.ActiveCfg = Debug|Any CPU
		{53D1A025-0C63-4E22-A672-4ECB60FD1536}.Debug|Any CPU.Build.0 = Debug|Any CPU
		{53D1A025-0C63-4E22-A672-4ECB60FD1536}.Release|Any CPU.ActiveCfg = Release|Any CPU
		{53D1A025-0C63-4E22-A672-4ECB60FD1536}.Release|Any CPU.Build.0 = Release|Any CPU
		{AB4458D7-6FDA-4AD2-8DAC-561064AB9617}.Debug|Any CPU.ActiveCfg = Debug|Any CPU
		{AB4458D7-6FDA-4AD2-8DAC-561064AB9617}.Debug|Any CPU.Build.0 = Debug|Any CPU
		{AB4458D7-6FDA-4AD2-8DAC-561064AB9617}.Release|Any CPU.ActiveCfg = Release|Any CPU
		{AB4458D7-6FDA-4AD2-8DAC-561064AB9617}.Release|Any CPU.Build.0 = Release|Any CPU
		{76AB92E9-5DDE-4B37-8B60-08DD1B95E019}.Debug|Any CPU.ActiveCfg = Debug|Any CPU
		{76AB92E9-5DDE-4B37-8B60-08DD1B95E019}.Debug|Any CPU.Build.0 = Debug|Any CPU
		{76AB92E9-5DDE-4B37-8B60-08DD1B95E019}.Release|Any CPU.ActiveCfg = Release|Any CPU
		{76AB92E9-5DDE-4B37-8B60-08DD1B95E019}.Release|Any CPU.Build.0 = Release|Any CPU
	EndGlobalSection
	GlobalSection(SolutionProperties) = preSolution
		HideSolutionNode = FALSE
	EndGlobalSection
	GlobalSection(NestedProjects) = preSolution
		{9A937632-F87A-4E9F-B030-FE56B72BCBEC} = {4641B018-153C-42A5-A79B-BF65F9E818C4}
		{349B7BFE-094F-432F-9B56-FE5774A9F010} = {DE096B33-D089-4C3A-AFC6-39ED958E01D7}
		{5BBF4319-7F8F-4C95-A690-05F46CE99772} = {DE096B33-D089-4C3A-AFC6-39ED958E01D7}
		{99CD11DD-E4D7-40CC-B82E-B4522685554C} = {81A7976E-A0B8-436A-B158-F4680B1EEE19}
		{B62E1453-727A-4D24-B2C7-AB57F33F20B1} = {CEC45FA5-04AC-439D-9385-9D7AF3661F26}
		{B2D35FE9-AEFA-4B0E-9D6E-6E1C4CC4A12E} = {4641B018-153C-42A5-A79B-BF65F9E818C4}
		{53D1A025-0C63-4E22-A672-4ECB60FD1536} = {4641B018-153C-42A5-A79B-BF65F9E818C4}
		{AB4458D7-6FDA-4AD2-8DAC-561064AB9617} = {DE096B33-D089-4C3A-AFC6-39ED958E01D7}
		{76AB92E9-5DDE-4B37-8B60-08DD1B95E019} = {EDF6A8F5-76F8-4F7E-BC92-706F5E913B71}
	EndGlobalSection
	GlobalSection(ExtensibilityGlobals) = postSolution
		SolutionGuid = {CCA718E8-87E5-4B3B-BF20-CE6CF4EE2513}
	EndGlobalSection
EndGlobal
